
Microsoft Visual Studio Solution File, Format Version 12.00
# Visual Studio 2013
VisualStudioVersion = 12.0.30501.0
MinimumVisualStudioVersion = 10.0.40219.1
Project("{FAE04EC0-301F-11D3-BF4B-00C04F79EFBC}") = "Zoltu.MediaFormatter.Json", "Zoltu.MediaFormatter.Json\Zoltu.MediaFormatter.Json.csproj", "{97482D2F-73B0-408B-8A29-D7AEE8294E31}"
EndProject
Project("{2150E333-8FDC-42A3-9474-1A3956D46DE8}") = ".nuget", ".nuget", "{09A31CEF-9251-45ED-BCC8-D064978EB9B0}"
	ProjectSection(SolutionItems) = preProject
		.nuget\packages.config = .nuget\packages.config
	EndProjectSection
EndProject
Global
	GlobalSection(SolutionConfigurationPlatforms) = preSolution
		Debug|Any CPU = Debug|Any CPU
		Release|Any CPU = Release|Any CPU
	EndGlobalSection
	GlobalSection(ProjectConfigurationPlatforms) = postSolution
		{97482D2F-73B0-408B-8A29-D7AEE8294E31}.Debug|Any CPU.ActiveCfg = Debug|Any CPU
		{97482D2F-73B0-408B-8A29-D7AEE8294E31}.Debug|Any CPU.Build.0 = Debug|Any CPU
		{97482D2F-73B0-408B-8A29-D7AEE8294E31}.Release|Any CPU.ActiveCfg = Release|Any CPU
		{97482D2F-73B0-408B-8A29-D7AEE8294E31}.Release|Any CPU.Build.0 = Release|Any CPU
	EndGlobalSection
	GlobalSection(SolutionProperties) = preSolution
		HideSolutionNode = FALSE
	EndGlobalSection
EndGlobal
